
Microsoft Visual Studio Solution File, Format Version 12.00
# Visual Studio Version 16
VisualStudioVersion = 16.0.30611.23
MinimumVisualStudioVersion = 10.0.40219.1
Project("{9A19103F-16F7-4668-BE54-9A1E7A4F7556}") = "JavaFloral", "JavaFloral.csproj", "{23DFDA27-E2B4-4BF6-A97D-E8CC14023320}"
EndProject
Global
	GlobalSection(SolutionConfigurationPlatforms) = preSolution
		Debug|Any CPU = Debug|Any CPU
		Release|Any CPU = Release|Any CPU
	EndGlobalSection
	GlobalSection(ProjectConfigurationPlatforms) = postSolution
		{23DFDA27-E2B4-4BF6-A97D-E8CC14023320}.Debug|Any CPU.ActiveCfg = Debug|Any CPU
		{23DFDA27-E2B4-4BF6-A97D-E8CC14023320}.Debug|Any CPU.Build.0 = Debug|Any CPU
		{23DFDA27-E2B4-4BF6-A97D-E8CC14023320}.Release|Any CPU.ActiveCfg = Release|Any CPU
		{23DFDA27-E2B4-4BF6-A97D-E8CC14023320}.Release|Any CPU.Build.0 = Release|Any CPU
	EndGlobalSection
	GlobalSection(SolutionProperties) = preSolution
		HideSolutionNode = FALSE
	EndGlobalSection
	GlobalSection(ExtensibilityGlobals) = postSolution
		SolutionGuid = {54413FD5-05F9-4883-8964-ADC12791B25D}
	EndGlobalSection
EndGlobal
